
Microsoft Visual Studio Solution File, Format Version 12.00
# Visual Studio Version 16
VisualStudioVersion = 16.0.30011.22
MinimumVisualStudioVersion = 10.0.40219.1
Project("{8BC9CEB8-8B4A-11D0-8D11-00A0C91BC942}") = "1.4яп", "1.4яп\1.4яп.vcxproj", "{216E0190-5B2A-4D3A-B6DD-0F291F54DE07}"
EndProject
Global
	GlobalSection(SolutionConfigurationPlatforms) = preSolution
		Debug|x64 = Debug|x64
		Debug|x86 = Debug|x86
		Release|x64 = Release|x64
		Release|x86 = Release|x86
	EndGlobalSection
	GlobalSection(ProjectConfigurationPlatforms) = postSolution
		{216E0190-5B2A-4D3A-B6DD-0F291F54DE07}.Debug|x64.ActiveCfg = Debug|x64
		{216E0190-5B2A-4D3A-B6DD-0F291F54DE07}.Debug|x64.Build.0 = Debug|x64
		{216E0190-5B2A-4D3A-B6DD-0F291F54DE07}.Debug|x86.ActiveCfg = Debug|Win32
		{216E0190-5B2A-4D3A-B6DD-0F291F54DE07}.Debug|x86.Build.0 = Debug|Win32
		{216E0190-5B2A-4D3A-B6DD-0F291F54DE07}.Release|x64.ActiveCfg = Release|x64
		{216E0190-5B2A-4D3A-B6DD-0F291F54DE07}.Release|x64.Build.0 = Release|x64
		{216E0190-5B2A-4D3A-B6DD-0F291F54DE07}.Release|x86.ActiveCfg = Release|Win32
		{216E0190-5B2A-4D3A-B6DD-0F291F54DE07}.Release|x86.Build.0 = Release|Win32
	EndGlobalSection
	GlobalSection(SolutionProperties) = preSolution
		HideSolutionNode = FALSE
	EndGlobalSection
	GlobalSection(ExtensibilityGlobals) = postSolution
		SolutionGuid = {23D98688-97FF-4523-877A-825E940E105C}
	EndGlobalSection
EndGlobal
