
Microsoft Visual Studio Solution File, Format Version 12.00
# Visual Studio Version 16
VisualStudioVersion = 16.0.30002.166
MinimumVisualStudioVersion = 10.0.40219.1
Project("{8BC9CEB8-8B4A-11D0-8D11-00A0C91BC942}") = "Lab5.1", "Lab5.1\Lab5.1.vcxproj", "{5D11B58D-E69C-4307-88B3-A3C4F986F0C7}"
EndProject
Project("{8BC9CEB8-8B4A-11D0-8D11-00A0C91BC942}") = "Lab5.2", "Lab5.2\Lab5.2.vcxproj", "{0EF40C9A-5526-4020-8B2F-7CF4564595A8}"
EndProject
Project("{8BC9CEB8-8B4A-11D0-8D11-00A0C91BC942}") = "Lab5.3", "Lab5.3\Lab5.3.vcxproj", "{DFBE5267-6512-4F9C-BA6A-D636CBF9CE5E}"
EndProject
Global
	GlobalSection(SolutionConfigurationPlatforms) = preSolution
		Debug|x64 = Debug|x64
		Debug|x86 = Debug|x86
		Release|x64 = Release|x64
		Release|x86 = Release|x86
	EndGlobalSection
	GlobalSection(ProjectConfigurationPlatforms) = postSolution
		{5D11B58D-E69C-4307-88B3-A3C4F986F0C7}.Debug|x64.ActiveCfg = Debug|x64
		{5D11B58D-E69C-4307-88B3-A3C4F986F0C7}.Debug|x64.Build.0 = Debug|x64
		{5D11B58D-E69C-4307-88B3-A3C4F986F0C7}.Debug|x86.ActiveCfg = Debug|Win32
		{5D11B58D-E69C-4307-88B3-A3C4F986F0C7}.Debug|x86.Build.0 = Debug|Win32
		{5D11B58D-E69C-4307-88B3-A3C4F986F0C7}.Release|x64.ActiveCfg = Release|x64
		{5D11B58D-E69C-4307-88B3-A3C4F986F0C7}.Release|x64.Build.0 = Release|x64
		{5D11B58D-E69C-4307-88B3-A3C4F986F0C7}.Release|x86.ActiveCfg = Release|Win32
		{5D11B58D-E69C-4307-88B3-A3C4F986F0C7}.Release|x86.Build.0 = Release|Win32
		{0EF40C9A-5526-4020-8B2F-7CF4564595A8}.Debug|x64.ActiveCfg = Debug|x64
		{0EF40C9A-5526-4020-8B2F-7CF4564595A8}.Debug|x64.Build.0 = Debug|x64
		{0EF40C9A-5526-4020-8B2F-7CF4564595A8}.Debug|x86.ActiveCfg = Debug|Win32
		{0EF40C9A-5526-4020-8B2F-7CF4564595A8}.Debug|x86.Build.0 = Debug|Win32
		{0EF40C9A-5526-4020-8B2F-7CF4564595A8}.Release|x64.ActiveCfg = Release|x64
		{0EF40C9A-5526-4020-8B2F-7CF4564595A8}.Release|x64.Build.0 = Release|x64
		{0EF40C9A-5526-4020-8B2F-7CF4564595A8}.Release|x86.ActiveCfg = Release|Win32
		{0EF40C9A-5526-4020-8B2F-7CF4564595A8}.Release|x86.Build.0 = Release|Win32
		{DFBE5267-6512-4F9C-BA6A-D636CBF9CE5E}.Debug|x64.ActiveCfg = Debug|x64
		{DFBE5267-6512-4F9C-BA6A-D636CBF9CE5E}.Debug|x64.Build.0 = Debug|x64
		{DFBE5267-6512-4F9C-BA6A-D636CBF9CE5E}.Debug|x86.ActiveCfg = Debug|Win32
		{DFBE5267-6512-4F9C-BA6A-D636CBF9CE5E}.Debug|x86.Build.0 = Debug|Win32
		{DFBE5267-6512-4F9C-BA6A-D636CBF9CE5E}.Release|x64.ActiveCfg = Release|x64
		{DFBE5267-6512-4F9C-BA6A-D636CBF9CE5E}.Release|x64.Build.0 = Release|x64
		{DFBE5267-6512-4F9C-BA6A-D636CBF9CE5E}.Release|x86.ActiveCfg = Release|Win32
		{DFBE5267-6512-4F9C-BA6A-D636CBF9CE5E}.Release|x86.Build.0 = Release|Win32
	EndGlobalSection
	GlobalSection(SolutionProperties) = preSolution
		HideSolutionNode = FALSE
	EndGlobalSection
	GlobalSection(ExtensibilityGlobals) = postSolution
		SolutionGuid = {63093F0D-C13E-4646-B147-2C7616CDD4D6}
	EndGlobalSection
EndGlobal
