
Microsoft Visual Studio Solution File, Format Version 12.00
# Visual Studio Version 16
VisualStudioVersion = 16.0.30011.22
MinimumVisualStudioVersion = 10.0.40219.1
Project("{8BC9CEB8-8B4A-11D0-8D11-00A0C91BC942}") = "4.2яп", "4.2яп\4.2яп.vcxproj", "{AFF2B781-BC15-4C17-83CA-B1B4A61E72EF}"
EndProject
Global
	GlobalSection(SolutionConfigurationPlatforms) = preSolution
		Debug|x64 = Debug|x64
		Debug|x86 = Debug|x86
		Release|x64 = Release|x64
		Release|x86 = Release|x86
	EndGlobalSection
	GlobalSection(ProjectConfigurationPlatforms) = postSolution
		{AFF2B781-BC15-4C17-83CA-B1B4A61E72EF}.Debug|x64.ActiveCfg = Debug|x64
		{AFF2B781-BC15-4C17-83CA-B1B4A61E72EF}.Debug|x64.Build.0 = Debug|x64
		{AFF2B781-BC15-4C17-83CA-B1B4A61E72EF}.Debug|x86.ActiveCfg = Debug|Win32
		{AFF2B781-BC15-4C17-83CA-B1B4A61E72EF}.Debug|x86.Build.0 = Debug|Win32
		{AFF2B781-BC15-4C17-83CA-B1B4A61E72EF}.Release|x64.ActiveCfg = Release|x64
		{AFF2B781-BC15-4C17-83CA-B1B4A61E72EF}.Release|x64.Build.0 = Release|x64
		{AFF2B781-BC15-4C17-83CA-B1B4A61E72EF}.Release|x86.ActiveCfg = Release|Win32
		{AFF2B781-BC15-4C17-83CA-B1B4A61E72EF}.Release|x86.Build.0 = Release|Win32
	EndGlobalSection
	GlobalSection(SolutionProperties) = preSolution
		HideSolutionNode = FALSE
	EndGlobalSection
	GlobalSection(ExtensibilityGlobals) = postSolution
		SolutionGuid = {6D275C69-1A12-4733-B297-71B9B1FA163E}
	EndGlobalSection
EndGlobal
