
Microsoft Visual Studio Solution File, Format Version 12.00
# Visual Studio Version 16
VisualStudioVersion = 16.0.29806.167
MinimumVisualStudioVersion = 10.0.40219.1
Project("{8BC9CEB8-8B4A-11D0-8D11-00A0C91BC942}") = "lab_1_1", "lab_1_1\lab_1_1.vcxproj", "{03F40C81-7B94-4609-BF57-E1C1C49A4DC1}"
EndProject
Global
	GlobalSection(SolutionConfigurationPlatforms) = preSolution
		Debug|x64 = Debug|x64
		Debug|x86 = Debug|x86
		Release|x64 = Release|x64
		Release|x86 = Release|x86
	EndGlobalSection
	GlobalSection(ProjectConfigurationPlatforms) = postSolution
		{03F40C81-7B94-4609-BF57-E1C1C49A4DC1}.Debug|x64.ActiveCfg = Debug|x64
		{03F40C81-7B94-4609-BF57-E1C1C49A4DC1}.Debug|x64.Build.0 = Debug|x64
		{03F40C81-7B94-4609-BF57-E1C1C49A4DC1}.Debug|x86.ActiveCfg = Debug|Win32
		{03F40C81-7B94-4609-BF57-E1C1C49A4DC1}.Debug|x86.Build.0 = Debug|Win32
		{03F40C81-7B94-4609-BF57-E1C1C49A4DC1}.Release|x64.ActiveCfg = Release|x64
		{03F40C81-7B94-4609-BF57-E1C1C49A4DC1}.Release|x64.Build.0 = Release|x64
		{03F40C81-7B94-4609-BF57-E1C1C49A4DC1}.Release|x86.ActiveCfg = Release|Win32
		{03F40C81-7B94-4609-BF57-E1C1C49A4DC1}.Release|x86.Build.0 = Release|Win32
	EndGlobalSection
	GlobalSection(SolutionProperties) = preSolution
		HideSolutionNode = FALSE
	EndGlobalSection
	GlobalSection(ExtensibilityGlobals) = postSolution
		SolutionGuid = {F57119B7-424D-4BE0-9652-24F30FC3BA10}
	EndGlobalSection
EndGlobal
