
Microsoft Visual Studio Solution File, Format Version 12.00
# Visual Studio Version 16
VisualStudioVersion = 16.0.30011.22
MinimumVisualStudioVersion = 10.0.40219.1
Project("{8BC9CEB8-8B4A-11D0-8D11-00A0C91BC942}") = "Lab7_1", "Lab7_1\Lab7_1.vcxproj", "{E836C9DC-4FE8-4C60-ABDF-4249385F071B}"
EndProject
Project("{8BC9CEB8-8B4A-11D0-8D11-00A0C91BC942}") = "Lab7_2", "Lab7_2\Lab7_2.vcxproj", "{3BF70701-C558-4AE4-BA79-3016D0899B7E}"
EndProject
Project("{8BC9CEB8-8B4A-11D0-8D11-00A0C91BC942}") = "Lab7_3", "Lab7_3\Lab7_3.vcxproj", "{F89E4877-AF66-4866-A582-2EBA12C0B1C0}"
EndProject
Project("{8BC9CEB8-8B4A-11D0-8D11-00A0C91BC942}") = "Lab7_4", "Lab7_4\Lab7_4.vcxproj", "{E72D7C5E-43DA-4128-ADD8-89CFBA5B896A}"
EndProject
Global
	GlobalSection(SolutionConfigurationPlatforms) = preSolution
		Debug|x64 = Debug|x64
		Debug|x86 = Debug|x86
		Release|x64 = Release|x64
		Release|x86 = Release|x86
	EndGlobalSection
	GlobalSection(ProjectConfigurationPlatforms) = postSolution
		{E836C9DC-4FE8-4C60-ABDF-4249385F071B}.Debug|x64.ActiveCfg = Debug|x64
		{E836C9DC-4FE8-4C60-ABDF-4249385F071B}.Debug|x64.Build.0 = Debug|x64
		{E836C9DC-4FE8-4C60-ABDF-4249385F071B}.Debug|x86.ActiveCfg = Debug|Win32
		{E836C9DC-4FE8-4C60-ABDF-4249385F071B}.Debug|x86.Build.0 = Debug|Win32
		{E836C9DC-4FE8-4C60-ABDF-4249385F071B}.Release|x64.ActiveCfg = Release|x64
		{E836C9DC-4FE8-4C60-ABDF-4249385F071B}.Release|x64.Build.0 = Release|x64
		{E836C9DC-4FE8-4C60-ABDF-4249385F071B}.Release|x86.ActiveCfg = Release|Win32
		{E836C9DC-4FE8-4C60-ABDF-4249385F071B}.Release|x86.Build.0 = Release|Win32
		{3BF70701-C558-4AE4-BA79-3016D0899B7E}.Debug|x64.ActiveCfg = Debug|x64
		{3BF70701-C558-4AE4-BA79-3016D0899B7E}.Debug|x64.Build.0 = Debug|x64
		{3BF70701-C558-4AE4-BA79-3016D0899B7E}.Debug|x86.ActiveCfg = Debug|Win32
		{3BF70701-C558-4AE4-BA79-3016D0899B7E}.Debug|x86.Build.0 = Debug|Win32
		{3BF70701-C558-4AE4-BA79-3016D0899B7E}.Release|x64.ActiveCfg = Release|x64
		{3BF70701-C558-4AE4-BA79-3016D0899B7E}.Release|x64.Build.0 = Release|x64
		{3BF70701-C558-4AE4-BA79-3016D0899B7E}.Release|x86.ActiveCfg = Release|Win32
		{3BF70701-C558-4AE4-BA79-3016D0899B7E}.Release|x86.Build.0 = Release|Win32
		{F89E4877-AF66-4866-A582-2EBA12C0B1C0}.Debug|x64.ActiveCfg = Debug|x64
		{F89E4877-AF66-4866-A582-2EBA12C0B1C0}.Debug|x64.Build.0 = Debug|x64
		{F89E4877-AF66-4866-A582-2EBA12C0B1C0}.Debug|x86.ActiveCfg = Debug|Win32
		{F89E4877-AF66-4866-A582-2EBA12C0B1C0}.Debug|x86.Build.0 = Debug|Win32
		{F89E4877-AF66-4866-A582-2EBA12C0B1C0}.Release|x64.ActiveCfg = Release|x64
		{F89E4877-AF66-4866-A582-2EBA12C0B1C0}.Release|x64.Build.0 = Release|x64
		{F89E4877-AF66-4866-A582-2EBA12C0B1C0}.Release|x86.ActiveCfg = Release|Win32
		{F89E4877-AF66-4866-A582-2EBA12C0B1C0}.Release|x86.Build.0 = Release|Win32
		{E72D7C5E-43DA-4128-ADD8-89CFBA5B896A}.Debug|x64.ActiveCfg = Debug|x64
		{E72D7C5E-43DA-4128-ADD8-89CFBA5B896A}.Debug|x64.Build.0 = Debug|x64
		{E72D7C5E-43DA-4128-ADD8-89CFBA5B896A}.Debug|x86.ActiveCfg = Debug|Win32
		{E72D7C5E-43DA-4128-ADD8-89CFBA5B896A}.Debug|x86.Build.0 = Debug|Win32
		{E72D7C5E-43DA-4128-ADD8-89CFBA5B896A}.Release|x64.ActiveCfg = Release|x64
		{E72D7C5E-43DA-4128-ADD8-89CFBA5B896A}.Release|x64.Build.0 = Release|x64
		{E72D7C5E-43DA-4128-ADD8-89CFBA5B896A}.Release|x86.ActiveCfg = Release|Win32
		{E72D7C5E-43DA-4128-ADD8-89CFBA5B896A}.Release|x86.Build.0 = Release|Win32
	EndGlobalSection
	GlobalSection(SolutionProperties) = preSolution
		HideSolutionNode = FALSE
	EndGlobalSection
	GlobalSection(ExtensibilityGlobals) = postSolution
		SolutionGuid = {8C69638E-8BFF-4A0C-8DB7-4A96A2125C65}
	EndGlobalSection
EndGlobal
