
Microsoft Visual Studio Solution File, Format Version 12.00
# Visual Studio Version 16
VisualStudioVersion = 16.0.30104.148
MinimumVisualStudioVersion = 10.0.40219.1
Project("{8BC9CEB8-8B4A-11D0-8D11-00A0C91BC942}") = "5.2", "5.2\5.2.vcxproj", "{82F4928C-C1D7-4815-8432-158F3EBA4ADD}"
EndProject
Global
	GlobalSection(SolutionConfigurationPlatforms) = preSolution
		Debug|x64 = Debug|x64
		Debug|x86 = Debug|x86
		Release|x64 = Release|x64
		Release|x86 = Release|x86
	EndGlobalSection
	GlobalSection(ProjectConfigurationPlatforms) = postSolution
		{82F4928C-C1D7-4815-8432-158F3EBA4ADD}.Debug|x64.ActiveCfg = Debug|x64
		{82F4928C-C1D7-4815-8432-158F3EBA4ADD}.Debug|x64.Build.0 = Debug|x64
		{82F4928C-C1D7-4815-8432-158F3EBA4ADD}.Debug|x86.ActiveCfg = Debug|Win32
		{82F4928C-C1D7-4815-8432-158F3EBA4ADD}.Debug|x86.Build.0 = Debug|Win32
		{82F4928C-C1D7-4815-8432-158F3EBA4ADD}.Release|x64.ActiveCfg = Release|x64
		{82F4928C-C1D7-4815-8432-158F3EBA4ADD}.Release|x64.Build.0 = Release|x64
		{82F4928C-C1D7-4815-8432-158F3EBA4ADD}.Release|x86.ActiveCfg = Release|Win32
		{82F4928C-C1D7-4815-8432-158F3EBA4ADD}.Release|x86.Build.0 = Release|Win32
	EndGlobalSection
	GlobalSection(SolutionProperties) = preSolution
		HideSolutionNode = FALSE
	EndGlobalSection
	GlobalSection(ExtensibilityGlobals) = postSolution
		SolutionGuid = {E3062D8E-126C-4544-B80E-CB9E3D94B318}
	EndGlobalSection
EndGlobal
